
Microsoft Visual Studio Solution File, Format Version 12.00
# Visual Studio Version 17
VisualStudioVersion = 17.14.36121.58 d17.14
MinimumVisualStudioVersion = 10.0.40219.1
Project("{FAE04EC0-301F-11D3-BF4B-00C04F79EFBC}") = "MyFirstCode", "MyFirstCode.csproj", "{344BF2E9-7C38-45F1-8E7C-B34ADC642692}"
EndProject
Global
	GlobalSection(SolutionConfigurationPlatforms) = preSolution
		Debug|Any CPU = Debug|Any CPU
		Release|Any CPU = Release|Any CPU
	EndGlobalSection
	GlobalSection(ProjectConfigurationPlatforms) = postSolution
		{344BF2E9-7C38-45F1-8E7C-B34ADC642692}.Debug|Any CPU.ActiveCfg = Debug|Any CPU
		{344BF2E9-7C38-45F1-8E7C-B34ADC642692}.Debug|Any CPU.Build.0 = Debug|Any CPU
		{344BF2E9-7C38-45F1-8E7C-B34ADC642692}.Release|Any CPU.ActiveCfg = Release|Any CPU
		{344BF2E9-7C38-45F1-8E7C-B34ADC642692}.Release|Any CPU.Build.0 = Release|Any CPU
	EndGlobalSection
	GlobalSection(SolutionProperties) = preSolution
		HideSolutionNode = FALSE
	EndGlobalSection
	GlobalSection(ExtensibilityGlobals) = postSolution
		SolutionGuid = {155351D6-4200-425C-B9B3-48CD68D8E085}
	EndGlobalSection
EndGlobal
